
Microsoft Visual Studio Solution File, Format Version 12.00
# Visual Studio Version 17
VisualStudioVersion = 17.5.33414.496
MinimumVisualStudioVersion = 10.0.40219.1
Project("{8BC9CEB8-8B4A-11D0-8D11-00A0C91BC942}") = "23_balance", "23_balance\23_balance.vcxproj", "{F45B2EFB-9DB9-4E62-9BED-984FF38522AE}"
EndProject
Global
	GlobalSection(SolutionConfigurationPlatforms) = preSolution
		Debug|x64 = Debug|x64
		Debug|x86 = Debug|x86
		Release|x64 = Release|x64
		Release|x86 = Release|x86
	EndGlobalSection
	GlobalSection(ProjectConfigurationPlatforms) = postSolution
		{F45B2EFB-9DB9-4E62-9BED-984FF38522AE}.Debug|x64.ActiveCfg = Debug|x64
		{F45B2EFB-9DB9-4E62-9BED-984FF38522AE}.Debug|x64.Build.0 = Debug|x64
		{F45B2EFB-9DB9-4E62-9BED-984FF38522AE}.Debug|x86.ActiveCfg = Debug|Win32
		{F45B2EFB-9DB9-4E62-9BED-984FF38522AE}.Debug|x86.Build.0 = Debug|Win32
		{F45B2EFB-9DB9-4E62-9BED-984FF38522AE}.Release|x64.ActiveCfg = Release|x64
		{F45B2EFB-9DB9-4E62-9BED-984FF38522AE}.Release|x64.Build.0 = Release|x64
		{F45B2EFB-9DB9-4E62-9BED-984FF38522AE}.Release|x86.ActiveCfg = Release|Win32
		{F45B2EFB-9DB9-4E62-9BED-984FF38522AE}.Release|x86.Build.0 = Release|Win32
	EndGlobalSection
	GlobalSection(SolutionProperties) = preSolution
		HideSolutionNode = FALSE
	EndGlobalSection
	GlobalSection(ExtensibilityGlobals) = postSolution
		SolutionGuid = {9017A7CF-31B0-4B7A-801A-A5B98605DE39}
	EndGlobalSection
EndGlobal
